// !$*UTF8*$!
{
	archiveVersion = 1;
	classes = {
	};
	objectVersion = 46;
	objects = {

/* Begin PBXBuildFile section */
		365FE78A1B4E68E3005161D6 /* main.m in Sources */ = {isa = PBXBuildFile; fileRef = 365FE7891B4E68E3005161D6 /* main.m */; };
		365FE78D1B4E68E3005161D6 /* AppDelegate.m in Sources */ = {isa = PBXBuildFile; fileRef = 365FE78C1B4E68E3005161D6 /* AppDelegate.m */; };
		365FE78F1B4E68E3005161D6 /* Images.xcassets in Resources */ = {isa = PBXBuildFile; fileRef = 365FE78E1B4E68E3005161D6 /* Images.xcassets */; };
		365FE7921B4E68E3005161D6 /* LaunchScreen.xib in Resources */ = {isa = PBXBuildFile; fileRef = 365FE7901B4E68E3005161D6 /* LaunchScreen.xib */; };
		365FE79E1B4E68E3005161D6 /* GJCUCaptureTests.m in Sources */ = {isa = PBXBuildFile; fileRef = 365FE79D1B4E68E3005161D6 /* GJCUCaptureTests.m */; };
		365FE7B61B4E699C005161D6 /* TVGDebugConsoleViewController.m in Sources */ = {isa = PBXBuildFile; fileRef = 365FE7AB1B4E699C005161D6 /* TVGDebugConsoleViewController.m */; };
		365FE7B71B4E699C005161D6 /* TVGDebugConsoleViewController.m in Sources */ = {isa = PBXBuildFile; fileRef = 365FE7AB1B4E699C005161D6 /* TVGDebugConsoleViewController.m */; };
		365FE7B81B4E699C005161D6 /* TVGDebugLogger.m in Sources */ = {isa = PBXBuildFile; fileRef = 365FE7AD1B4E699C005161D6 /* TVGDebugLogger.m */; };
		365FE7B91B4E699C005161D6 /* TVGDebugLogger.m in Sources */ = {isa = PBXBuildFile; fileRef = 365FE7AD1B4E699C005161D6 /* TVGDebugLogger.m */; };
		365FE7BA1B4E699C005161D6 /* TVGDebugModel.m in Sources */ = {isa = PBXBuildFile; fileRef = 365FE7AF1B4E699C005161D6 /* TVGDebugModel.m */; };
		365FE7BB1B4E699C005161D6 /* TVGDebugModel.m in Sources */ = {isa = PBXBuildFile; fileRef = 365FE7AF1B4E699C005161D6 /* TVGDebugModel.m */; };
		365FE7BC1B4E699C005161D6 /* TVGDebugQuickUI.m in Sources */ = {isa = PBXBuildFile; fileRef = 365FE7B11B4E699C005161D6 /* TVGDebugQuickUI.m */; };
		365FE7BD1B4E699C005161D6 /* TVGDebugQuickUI.m in Sources */ = {isa = PBXBuildFile; fileRef = 365FE7B11B4E699C005161D6 /* TVGDebugQuickUI.m */; };
		365FE7BE1B4E699C005161D6 /* TVGDebugSectionInfo.m in Sources */ = {isa = PBXBuildFile; fileRef = 365FE7B31B4E699C005161D6 /* TVGDebugSectionInfo.m */; };
		365FE7BF1B4E699C005161D6 /* TVGDebugSectionInfo.m in Sources */ = {isa = PBXBuildFile; fileRef = 365FE7B31B4E699C005161D6 /* TVGDebugSectionInfo.m */; };
		365FE7C01B4E699C005161D6 /* TVGDebugViewController.m in Sources */ = {isa = PBXBuildFile; fileRef = 365FE7B51B4E699C005161D6 /* TVGDebugViewController.m */; };
		365FE7C11B4E699C005161D6 /* TVGDebugViewController.m in Sources */ = {isa = PBXBuildFile; fileRef = 365FE7B51B4E699C005161D6 /* TVGDebugViewController.m */; };
		365FE7FC1B4E6A02005161D6 /* GJCUCaptureDemoViewController.m in Sources */ = {isa = PBXBuildFile; fileRef = 365FE7F61B4E6A02005161D6 /* GJCUCaptureDemoViewController.m */; };
		365FE7FD1B4E6A02005161D6 /* GJCUCaptureDemoViewController.m in Sources */ = {isa = PBXBuildFile; fileRef = 365FE7F61B4E6A02005161D6 /* GJCUCaptureDemoViewController.m */; };
		365FE7FE1B4E6A02005161D6 /* GJCUCaptureResourceBundle.bundle in Resources */ = {isa = PBXBuildFile; fileRef = 365FE7F71B4E6A02005161D6 /* GJCUCaptureResourceBundle.bundle */; };
		365FE7FF1B4E6A02005161D6 /* GJCUCaptureResourceBundle.bundle in Resources */ = {isa = PBXBuildFile; fileRef = 365FE7F71B4E6A02005161D6 /* GJCUCaptureResourceBundle.bundle */; };
		365FE8001B4E6A02005161D6 /* GJCUCaptureViewController.m in Sources */ = {isa = PBXBuildFile; fileRef = 365FE7F91B4E6A02005161D6 /* GJCUCaptureViewController.m */; };
		365FE8011B4E6A02005161D6 /* GJCUCaptureViewController.m in Sources */ = {isa = PBXBuildFile; fileRef = 365FE7F91B4E6A02005161D6 /* GJCUCaptureViewController.m */; };
		365FE8021B4E6A02005161D6 /* GJCUFlashModeView.m in Sources */ = {isa = PBXBuildFile; fileRef = 365FE7FB1B4E6A02005161D6 /* GJCUFlashModeView.m */; };
		365FE8031B4E6A02005161D6 /* GJCUFlashModeView.m in Sources */ = {isa = PBXBuildFile; fileRef = 365FE7FB1B4E6A02005161D6 /* GJCUFlashModeView.m */; };
		365FE8051B4E6A34005161D6 /* AVFoundation.framework in Frameworks */ = {isa = PBXBuildFile; fileRef = 365FE8041B4E6A34005161D6 /* AVFoundation.framework */; };
		365FE8301B4E6A93005161D6 /* GJCFDateUitil.m in Sources */ = {isa = PBXBuildFile; fileRef = 365FE8141B4E6A93005161D6 /* GJCFDateUitil.m */; };
		365FE8311B4E6A93005161D6 /* GJCFDateUitil.m in Sources */ = {isa = PBXBuildFile; fileRef = 365FE8141B4E6A93005161D6 /* GJCFDateUitil.m */; };
		365FE8321B4E6A93005161D6 /* GJCFDispatchCenterUitil.m in Sources */ = {isa = PBXBuildFile; fileRef = 365FE8191B4E6A93005161D6 /* GJCFDispatchCenterUitil.m */; };
		365FE8331B4E6A93005161D6 /* GJCFDispatchCenterUitil.m in Sources */ = {isa = PBXBuildFile; fileRef = 365FE8191B4E6A93005161D6 /* GJCFDispatchCenterUitil.m */; };
		365FE8341B4E6A93005161D6 /* GJCFQuickCacheUitil.m in Sources */ = {isa = PBXBuildFile; fileRef = 365FE8201B4E6A93005161D6 /* GJCFQuickCacheUitil.m */; };
		365FE8351B4E6A93005161D6 /* GJCFQuickCacheUitil.m in Sources */ = {isa = PBXBuildFile; fileRef = 365FE8201B4E6A93005161D6 /* GJCFQuickCacheUitil.m */; };
		365FE8361B4E6A93005161D6 /* GJCFQuickUIUitil.m in Sources */ = {isa = PBXBuildFile; fileRef = 365FE8241B4E6A93005161D6 /* GJCFQuickUIUitil.m */; };
		365FE8371B4E6A93005161D6 /* GJCFQuickUIUitil.m in Sources */ = {isa = PBXBuildFile; fileRef = 365FE8241B4E6A93005161D6 /* GJCFQuickUIUitil.m */; };
		365FE8381B4E6A93005161D6 /* GJCFStringUitil.m in Sources */ = {isa = PBXBuildFile; fileRef = 365FE8281B4E6A93005161D6 /* GJCFStringUitil.m */; };
		365FE8391B4E6A93005161D6 /* GJCFStringUitil.m in Sources */ = {isa = PBXBuildFile; fileRef = 365FE8281B4E6A93005161D6 /* GJCFStringUitil.m */; };
		365FE83A1B4E6A93005161D6 /* GJCFSystemUitil.m in Sources */ = {isa = PBXBuildFile; fileRef = 365FE82C1B4E6A93005161D6 /* GJCFSystemUitil.m */; };
		365FE83B1B4E6A93005161D6 /* GJCFSystemUitil.m in Sources */ = {isa = PBXBuildFile; fileRef = 365FE82C1B4E6A93005161D6 /* GJCFSystemUitil.m */; };
		365FE83C1B4E6A93005161D6 /* UIView+GJCFViewFrameUitil.m in Sources */ = {isa = PBXBuildFile; fileRef = 365FE82F1B4E6A93005161D6 /* UIView+GJCFViewFrameUitil.m */; };
		365FE83D1B4E6A93005161D6 /* UIView+GJCFViewFrameUitil.m in Sources */ = {isa = PBXBuildFile; fileRef = 365FE82F1B4E6A93005161D6 /* UIView+GJCFViewFrameUitil.m */; };
/* End PBXBuildFile section */

/* Begin PBXContainerItemProxy section */
		365FE7981B4E68E3005161D6 /* PBXContainerItemProxy */ = {
			isa = PBXContainerItemProxy;
			containerPortal = 365FE77C1B4E68E3005161D6 /* Project object */;
			proxyType = 1;
			remoteGlobalIDString = 365FE7831B4E68E3005161D6;
			remoteInfo = GJCUCapture;
		};
/* End PBXContainerItemProxy section */

/* Begin PBXFileReference section */
		365FE7841B4E68E3005161D6 /* GJCUCapture.app */ = {isa = PBXFileReference; explicitFileType = wrapper.application; includeInIndex = 0; path = GJCUCapture.app; sourceTree = BUILT_PRODUCTS_DIR; };
		365FE7881B4E68E3005161D6 /* Info.plist */ = {isa = PBXFileReference; lastKnownFileType = text.plist.xml; path = Info.plist; sourceTree = "<group>"; };
		365FE7891B4E68E3005161D6 /* main.m */ = {isa = PBXFileReference; lastKnownFileType = sourcecode.c.objc; path = main.m; sourceTree = "<group>"; };
		365FE78B1B4E68E3005161D6 /* AppDelegate.h */ = {isa = PBXFileReference; lastKnownFileType = sourcecode.c.h; path = AppDelegate.h; sourceTree = "<group>"; };
		365FE78C1B4E68E3005161D6 /* AppDelegate.m */ = {isa = PBXFileReference; lastKnownFileType = sourcecode.c.objc; path = AppDelegate.m; sourceTree = "<group>"; };
		365FE78E1B4E68E3005161D6 /* Images.xcassets */ = {isa = PBXFileReference; lastKnownFileType = folder.assetcatalog; path = Images.xcassets; sourceTree = "<group>"; };
		365FE7911B4E68E3005161D6 /* Base */ = {isa = PBXFileReference; lastKnownFileType = file.xib; name = Base; path = Base.lproj/LaunchScreen.xib; sourceTree = "<group>"; };
		365FE7971B4E68E3005161D6 /* GJCUCaptureTests.xctest */ = {isa = PBXFileReference; explicitFileType = wrapper.cfbundle; includeInIndex = 0; path = GJCUCaptureTests.xctest; sourceTree = BUILT_PRODUCTS_DIR; };
		365FE79C1B4E68E3005161D6 /* Info.plist */ = {isa = PBXFileReference; lastKnownFileType = text.plist.xml; path = Info.plist; sourceTree = "<group>"; };
		365FE79D1B4E68E3005161D6 /* GJCUCaptureTests.m */ = {isa = PBXFileReference; lastKnownFileType = sourcecode.c.objc; path = GJCUCaptureTests.m; sourceTree = "<group>"; };
		365FE7A71B4E68F9005161D6 /* GJCUCapture-PrefixHeader.pch */ = {isa = PBXFileReference; fileEncoding = 4; lastKnownFileType = sourcecode.c.h; path = "GJCUCapture-PrefixHeader.pch"; sourceTree = "<group>"; };
		365FE7AA1B4E699C005161D6 /* TVGDebugConsoleViewController.h */ = {isa = PBXFileReference; fileEncoding = 4; lastKnownFileType = sourcecode.c.h; path = TVGDebugConsoleViewController.h; sourceTree = "<group>"; };
		365FE7AB1B4E699C005161D6 /* TVGDebugConsoleViewController.m */ = {isa = PBXFileReference; fileEncoding = 4; lastKnownFileType = sourcecode.c.objc; path = TVGDebugConsoleViewController.m; sourceTree = "<group>"; };
		365FE7AC1B4E699C005161D6 /* TVGDebugLogger.h */ = {isa = PBXFileReference; fileEncoding = 4; lastKnownFileType = sourcecode.c.h; path = TVGDebugLogger.h; sourceTree = "<group>"; };
		365FE7AD1B4E699C005161D6 /* TVGDebugLogger.m */ = {isa = PBXFileReference; fileEncoding = 4; lastKnownFileType = sourcecode.c.objc; path = TVGDebugLogger.m; sourceTree = "<group>"; };
		365FE7AE1B4E699C005161D6 /* TVGDebugModel.h */ = {isa = PBXFileReference; fileEncoding = 4; lastKnownFileType = sourcecode.c.h; path = TVGDebugModel.h; sourceTree = "<group>"; };
		365FE7AF1B4E699C005161D6 /* TVGDebugModel.m */ = {isa = PBXFileReference; fileEncoding = 4; lastKnownFileType = sourcecode.c.objc; path = TVGDebugModel.m; sourceTree = "<group>"; };
		365FE7B01B4E699C005161D6 /* TVGDebugQuickUI.h */ = {isa = PBXFileReference; fileEncoding = 4; lastKnownFileType = sourcecode.c.h; path = TVGDebugQuickUI.h; sourceTree = "<group>"; };
		365FE7B11B4E699C005161D6 /* TVGDebugQuickUI.m */ = {isa = PBXFileReference; fileEncoding = 4; lastKnownFileType = sourcecode.c.objc; path = TVGDebugQuickUI.m; sourceTree = "<group>"; };
		365FE7B21B4E699C005161D6 /* TVGDebugSectionInfo.h */ = {isa = PBXFileReference; fileEncoding = 4; lastKnownFileType = sourcecode.c.h; path = TVGDebugSectionInfo.h; sourceTree = "<group>"; };
		365FE7B31B4E699C005161D6 /* TVGDebugSectionInfo.m */ = {isa = PBXFileReference; fileEncoding = 4; lastKnownFileType = sourcecode.c.objc; path = TVGDebugSectionInfo.m; sourceTree = "<group>"; };
		365FE7B41B4E699C005161D6 /* TVGDebugViewController.h */ = {isa = PBXFileReference; fileEncoding = 4; lastKnownFileType = sourcecode.c.h; path = TVGDebugViewController.h; sourceTree = "<group>"; };
		365FE7B51B4E699C005161D6 /* TVGDebugViewController.m */ = {isa = PBXFileReference; fileEncoding = 4; lastKnownFileType = sourcecode.c.objc; path = TVGDebugViewController.m; sourceTree = "<group>"; };
		365FE7F51B4E6A02005161D6 /* GJCUCaptureDemoViewController.h */ = {isa = PBXFileReference; fileEncoding = 4; lastKnownFileType = sourcecode.c.h; path = GJCUCaptureDemoViewController.h; sourceTree = "<group>"; };
		365FE7F61B4E6A02005161D6 /* GJCUCaptureDemoViewController.m */ = {isa = PBXFileReference; fileEncoding = 4; lastKnownFileType = sourcecode.c.objc; path = GJCUCaptureDemoViewController.m; sourceTree = "<group>"; };
		365FE7F71B4E6A02005161D6 /* GJCUCaptureResourceBundle.bundle */ = {isa = PBXFileReference; lastKnownFileType = "wrapper.plug-in"; path = GJCUCaptureResourceBundle.bundle; sourceTree = "<group>"; };
		365FE7F81B4E6A02005161D6 /* GJCUCaptureViewController.h */ = {isa = PBXFileReference; fileEncoding = 4; lastKnownFileType = sourcecode.c.h; path = GJCUCaptureViewController.h; sourceTree = "<group>"; };
		365FE7F91B4E6A02005161D6 /* GJCUCaptureViewController.m */ = {isa = PBXFileReference; fileEncoding = 4; lastKnownFileType = sourcecode.c.objc; path = GJCUCaptureViewController.m; sourceTree = "<group>"; };
		365FE7FA1B4E6A02005161D6 /* GJCUFlashModeView.h */ = {isa = PBXFileReference; fileEncoding = 4; lastKnownFileType = sourcecode.c.h; path = GJCUFlashModeView.h; sourceTree = "<group>"; };
		365FE7FB1B4E6A02005161D6 /* GJCUFlashModeView.m */ = {isa = PBXFileReference; fileEncoding = 4; lastKnownFileType = sourcecode.c.objc; path = GJCUFlashModeView.m; sourceTree = "<group>"; };
		365FE8041B4E6A34005161D6 /* AVFoundation.framework */ = {isa = PBXFileReference; lastKnownFileType = wrapper.framework; name = AVFoundation.framework; path = System/Library/Frameworks/AVFoundation.framework; sourceTree = SDKROOT; };
		365FE8131B4E6A93005161D6 /* GJCFDateUitil.h */ = {isa = PBXFileReference; fileEncoding = 4; lastKnownFileType = sourcecode.c.h; path = GJCFDateUitil.h; sourceTree = "<group>"; };
		365FE8141B4E6A93005161D6 /* GJCFDateUitil.m */ = {isa = PBXFileReference; fileEncoding = 4; lastKnownFileType = sourcecode.c.objc; path = GJCFDateUitil.m; sourceTree = "<group>"; };
		365FE8151B4E6A93005161D6 /* GJCFDateUitilMacrocDefine.h */ = {isa = PBXFileReference; fileEncoding = 4; lastKnownFileType = sourcecode.c.h; path = GJCFDateUitilMacrocDefine.h; sourceTree = "<group>"; };
		365FE8181B4E6A93005161D6 /* GJCFDispatchCenterUitil.h */ = {isa = PBXFileReference; fileEncoding = 4; lastKnownFileType = sourcecode.c.h; path = GJCFDispatchCenterUitil.h; sourceTree = "<group>"; };
		365FE8191B4E6A93005161D6 /* GJCFDispatchCenterUitil.m */ = {isa = PBXFileReference; fileEncoding = 4; lastKnownFileType = sourcecode.c.objc; path = GJCFDispatchCenterUitil.m; sourceTree = "<group>"; };
		365FE81A1B4E6A93005161D6 /* GJCFDispatchMacrocDefine.h */ = {isa = PBXFileReference; fileEncoding = 4; lastKnownFileType = sourcecode.c.h; path = GJCFDispatchMacrocDefine.h; sourceTree = "<group>"; };
		365FE81B1B4E6A93005161D6 /* GJCFUitils.h */ = {isa = PBXFileReference; fileEncoding = 4; lastKnownFileType = sourcecode.c.h; path = GJCFUitils.h; sourceTree = "<group>"; };
		365FE81E1B4E6A93005161D6 /* GJCFQuickCacheMacrocDefine.h */ = {isa = PBXFileReference; fileEncoding = 4; lastKnownFileType = sourcecode.c.h; path = GJCFQuickCacheMacrocDefine.h; sourceTree = "<group>"; };
		365FE81F1B4E6A93005161D6 /* GJCFQuickCacheUitil.h */ = {isa = PBXFileReference; fileEncoding = 4; lastKnownFileType = sourcecode.c.h; path = GJCFQuickCacheUitil.h; sourceTree = "<group>"; };
		365FE8201B4E6A93005161D6 /* GJCFQuickCacheUitil.m */ = {isa = PBXFileReference; fileEncoding = 4; lastKnownFileType = sourcecode.c.objc; path = GJCFQuickCacheUitil.m; sourceTree = "<group>"; };
		365FE8221B4E6A93005161D6 /* GJCFQuickUIMacrocDefine.h */ = {isa = PBXFileReference; fileEncoding = 4; lastKnownFileType = sourcecode.c.h; path = GJCFQuickUIMacrocDefine.h; sourceTree = "<group>"; };
		365FE8231B4E6A93005161D6 /* GJCFQuickUIUitil.h */ = {isa = PBXFileReference; fileEncoding = 4; lastKnownFileType = sourcecode.c.h; path = GJCFQuickUIUitil.h; sourceTree = "<group>"; };
		365FE8241B4E6A93005161D6 /* GJCFQuickUIUitil.m */ = {isa = PBXFileReference; fileEncoding = 4; lastKnownFileType = sourcecode.c.objc; path = GJCFQuickUIUitil.m; sourceTree = "<group>"; };
		365FE8261B4E6A93005161D6 /* GJCFStringMacrocDefine.h */ = {isa = PBXFileReference; fileEncoding = 4; lastKnownFileType = sourcecode.c.h; path = GJCFStringMacrocDefine.h; sourceTree = "<group>"; };
		365FE8271B4E6A93005161D6 /* GJCFStringUitil.h */ = {isa = PBXFileReference; fileEncoding = 4; lastKnownFileType = sourcecode.c.h; path = GJCFStringUitil.h; sourceTree = "<group>"; };
		365FE8281B4E6A93005161D6 /* GJCFStringUitil.m */ = {isa = PBXFileReference; fileEncoding = 4; lastKnownFileType = sourcecode.c.objc; path = GJCFStringUitil.m; sourceTree = "<group>"; };
		365FE82A1B4E6A93005161D6 /* GJCFSystemMacrocDefine.h */ = {isa = PBXFileReference; fileEncoding = 4; lastKnownFileType = sourcecode.c.h; path = GJCFSystemMacrocDefine.h; sourceTree = "<group>"; };
		365FE82B1B4E6A93005161D6 /* GJCFSystemUitil.h */ = {isa = PBXFileReference; fileEncoding = 4; lastKnownFileType = sourcecode.c.h; path = GJCFSystemUitil.h; sourceTree = "<group>"; };
		365FE82C1B4E6A93005161D6 /* GJCFSystemUitil.m */ = {isa = PBXFileReference; fileEncoding = 4; lastKnownFileType = sourcecode.c.objc; path = GJCFSystemUitil.m; sourceTree = "<group>"; };
		365FE82E1B4E6A93005161D6 /* UIView+GJCFViewFrameUitil.h */ = {isa = PBXFileReference; fileEncoding = 4; lastKnownFileType = sourcecode.c.h; path = "UIView+GJCFViewFrameUitil.h"; sourceTree = "<group>"; };
		365FE82F1B4E6A93005161D6 /* UIView+GJCFViewFrameUitil.m */ = {isa = PBXFileReference; fileEncoding = 4; lastKnownFileType = sourcecode.c.objc; path = "UIView+GJCFViewFrameUitil.m"; sourceTree = "<group>"; };
/* End PBXFileReference section */

/* Begin PBXFrameworksBuildPhase section */
		365FE7811B4E68E3005161D6 /* Frameworks */ = {
			isa = PBXFrameworksBuildPhase;
			buildActionMask = 2147483647;
			files = (
				365FE8051B4E6A34005161D6 /* AVFoundation.framework in Frameworks */,
			);
			runOnlyForDeploymentPostprocessing = 0;
		};
		365FE7941B4E68E3005161D6 /* Frameworks */ = {
			isa = PBXFrameworksBuildPhase;
			buildActionMask = 2147483647;
			files = (
			);
			runOnlyForDeploymentPostprocessing = 0;
		};
/* End PBXFrameworksBuildPhase section */

/* Begin PBXGroup section */
		365FE77B1B4E68E3005161D6 = {
			isa = PBXGroup;
			children = (
				365FE8041B4E6A34005161D6 /* AVFoundation.framework */,
				365FE7861B4E68E3005161D6 /* GJCUCapture */,
				365FE79A1B4E68E3005161D6 /* GJCUCaptureTests */,
				365FE7851B4E68E3005161D6 /* Products */,
			);
			sourceTree = "<group>";
		};
		365FE7851B4E68E3005161D6 /* Products */ = {
			isa = PBXGroup;
			children = (
				365FE7841B4E68E3005161D6 /* GJCUCapture.app */,
				365FE7971B4E68E3005161D6 /* GJCUCaptureTests.xctest */,
			);
			name = Products;
			sourceTree = "<group>";
		};
		365FE7861B4E68E3005161D6 /* GJCUCapture */ = {
			isa = PBXGroup;
			children = (
				365FE8061B4E6A4B005161D6 /* Dependcy */,
				365FE7F41B4E6A02005161D6 /* Demo */,
				365FE7F31B4E6A02005161D6 /* GJCUCapture */,
				365FE7A91B4E699C005161D6 /* Debug */,
				365FE78B1B4E68E3005161D6 /* AppDelegate.h */,
				365FE78C1B4E68E3005161D6 /* AppDelegate.m */,
				365FE78E1B4E68E3005161D6 /* Images.xcassets */,
				365FE7901B4E68E3005161D6 /* LaunchScreen.xib */,
				365FE7871B4E68E3005161D6 /* Supporting Files */,
			);
			path = GJCUCapture;
			sourceTree = "<group>";
		};
		365FE7871B4E68E3005161D6 /* Supporting Files */ = {
			isa = PBXGroup;
			children = (
				365FE7881B4E68E3005161D6 /* Info.plist */,
				365FE7891B4E68E3005161D6 /* main.m */,
				365FE7A71B4E68F9005161D6 /* GJCUCapture-PrefixHeader.pch */,
			);
			name = "Supporting Files";
			sourceTree = "<group>";
		};
		365FE79A1B4E68E3005161D6 /* GJCUCaptureTests */ = {
			isa = PBXGroup;
			children = (
				365FE79D1B4E68E3005161D6 /* GJCUCaptureTests.m */,
				365FE79B1B4E68E3005161D6 /* Supporting Files */,
			);
			path = GJCUCaptureTests;
			sourceTree = "<group>";
		};
		365FE79B1B4E68E3005161D6 /* Supporting Files */ = {
			isa = PBXGroup;
			children = (
				365FE79C1B4E68E3005161D6 /* Info.plist */,
			);
			name = "Supporting Files";
			sourceTree = "<group>";
		};
		365FE7A91B4E699C005161D6 /* Debug */ = {
			isa = PBXGroup;
			children = (
				365FE7AA1B4E699C005161D6 /* TVGDebugConsoleViewController.h */,
				365FE7AB1B4E699C005161D6 /* TVGDebugConsoleViewController.m */,
				365FE7AC1B4E699C005161D6 /* TVGDebugLogger.h */,
				365FE7AD1B4E699C005161D6 /* TVGDebugLogger.m */,
				365FE7AE1B4E699C005161D6 /* TVGDebugModel.h */,
				365FE7AF1B4E699C005161D6 /* TVGDebugModel.m */,
				365FE7B01B4E699C005161D6 /* TVGDebugQuickUI.h */,
				365FE7B11B4E699C005161D6 /* TVGDebugQuickUI.m */,
				365FE7B21B4E699C005161D6 /* TVGDebugSectionInfo.h */,
				365FE7B31B4E699C005161D6 /* TVGDebugSectionInfo.m */,
				365FE7B41B4E699C005161D6 /* TVGDebugViewController.h */,
				365FE7B51B4E699C005161D6 /* TVGDebugViewController.m */,
			);
			path = Debug;
			sourceTree = "<group>";
		};
		365FE7F31B4E6A02005161D6 /* GJCUCapture */ = {
			isa = PBXGroup;
			children = (
				365FE7F71B4E6A02005161D6 /* GJCUCaptureResourceBundle.bundle */,
				365FE7F81B4E6A02005161D6 /* GJCUCaptureViewController.h */,
				365FE7F91B4E6A02005161D6 /* GJCUCaptureViewController.m */,
				365FE7FA1B4E6A02005161D6 /* GJCUFlashModeView.h */,
				365FE7FB1B4E6A02005161D6 /* GJCUFlashModeView.m */,
			);
			path = GJCUCapture;
			sourceTree = "<group>";
		};
		365FE7F41B4E6A02005161D6 /* Demo */ = {
			isa = PBXGroup;
			children = (
				365FE7F51B4E6A02005161D6 /* GJCUCaptureDemoViewController.h */,
				365FE7F61B4E6A02005161D6 /* GJCUCaptureDemoViewController.m */,
			);
			name = Demo;
			path = GJCUCapture/Demo;
			sourceTree = "<group>";
		};
		365FE8061B4E6A4B005161D6 /* Dependcy */ = {
			isa = PBXGroup;
			children = (
				365FE8111B4E6A93005161D6 /* GJCFUitils */,
			);
			path = Dependcy;
			sourceTree = "<group>";
		};
		365FE8111B4E6A93005161D6 /* GJCFUitils */ = {
			isa = PBXGroup;
			children = (
				365FE8121B4E6A93005161D6 /* DateUitil */,
				365FE8161B4E6A93005161D6 /* DeviceInfoUitil */,
				365FE8171B4E6A93005161D6 /* DispatchCenterUitil */,
				365FE81B1B4E6A93005161D6 /* GJCFUitils.h */,
				365FE81C1B4E6A93005161D6 /* KeychainUitil */,
				365FE81D1B4E6A93005161D6 /* QuickCacheUitil */,
				365FE8211B4E6A93005161D6 /* QuickUIUitil */,
				365FE8251B4E6A93005161D6 /* StringUitil */,
				365FE8291B4E6A93005161D6 /* SystemUitil */,
				365FE82D1B4E6A93005161D6 /* UitilCategory */,
			);
			path = GJCFUitils;
			sourceTree = "<group>";
		};
		365FE8121B4E6A93005161D6 /* DateUitil */ = {
			isa = PBXGroup;
			children = (
				365FE8131B4E6A93005161D6 /* GJCFDateUitil.h */,
				365FE8141B4E6A93005161D6 /* GJCFDateUitil.m */,
				365FE8151B4E6A93005161D6 /* GJCFDateUitilMacrocDefine.h */,
			);
			path = DateUitil;
			sourceTree = "<group>";
		};
		365FE8161B4E6A93005161D6 /* DeviceInfoUitil */ = {
			isa = PBXGroup;
			children = (
			);
			path = DeviceInfoUitil;
			sourceTree = "<group>";
		};
		365FE8171B4E6A93005161D6 /* DispatchCenterUitil */ = {
			isa = PBXGroup;
			children = (
				365FE8181B4E6A93005161D6 /* GJCFDispatchCenterUitil.h */,
				365FE8191B4E6A93005161D6 /* GJCFDispatchCenterUitil.m */,
				365FE81A1B4E6A93005161D6 /* GJCFDispatchMacrocDefine.h */,
			);
			path = DispatchCenterUitil;
			sourceTree = "<group>";
		};
		365FE81C1B4E6A93005161D6 /* KeychainUitil */ = {
			isa = PBXGroup;
			children = (
			);
			path = KeychainUitil;
			sourceTree = "<group>";
		};
		365FE81D1B4E6A93005161D6 /* QuickCacheUitil */ = {
			isa = PBXGroup;
			children = (
				365FE81E1B4E6A93005161D6 /* GJCFQuickCacheMacrocDefine.h */,
				365FE81F1B4E6A93005161D6 /* GJCFQuickCacheUitil.h */,
				365FE8201B4E6A93005161D6 /* GJCFQuickCacheUitil.m */,
			);
			path = QuickCacheUitil;
			sourceTree = "<group>";
		};
		365FE8211B4E6A93005161D6 /* QuickUIUitil */ = {
			isa = PBXGroup;
			children = (
				365FE8221B4E6A93005161D6 /* GJCFQuickUIMacrocDefine.h */,
				365FE8231B4E6A93005161D6 /* GJCFQuickUIUitil.h */,
				365FE8241B4E6A93005161D6 /* GJCFQuickUIUitil.m */,
			);
			path = QuickUIUitil;
			sourceTree = "<group>";
		};
		365FE8251B4E6A93005161D6 /* StringUitil */ = {
			isa = PBXGroup;
			children = (
				365FE8261B4E6A93005161D6 /* GJCFStringMacrocDefine.h */,
				365FE8271B4E6A93005161D6 /* GJCFStringUitil.h */,
				365FE8281B4E6A93005161D6 /* GJCFStringUitil.m */,
			);
			path = StringUitil;
			sourceTree = "<group>";
		};
		365FE8291B4E6A93005161D6 /* SystemUitil */ = {
			isa = PBXGroup;
			children = (
				365FE82A1B4E6A93005161D6 /* GJCFSystemMacrocDefine.h */,
				365FE82B1B4E6A93005161D6 /* GJCFSystemUitil.h */,
				365FE82C1B4E6A93005161D6 /* GJCFSystemUitil.m */,
			);
			path = SystemUitil;
			sourceTree = "<group>";
		};
		365FE82D1B4E6A93005161D6 /* UitilCategory */ = {
			isa = PBXGroup;
			children = (
				365FE82E1B4E6A93005161D6 /* UIView+GJCFViewFrameUitil.h */,
				365FE82F1B4E6A93005161D6 /* UIView+GJCFViewFrameUitil.m */,
			);
			path = UitilCategory;
			sourceTree = "<group>";
		};
/* End PBXGroup section */

/* Begin PBXNativeTarget section */
		365FE7831B4E68E3005161D6 /* GJCUCapture */ = {
			isa = PBXNativeTarget;
			buildConfigurationList = 365FE7A11B4E68E3005161D6 /* Build configuration list for PBXNativeTarget "GJCUCapture" */;
			buildPhases = (
				365FE7801B4E68E3005161D6 /* Sources */,
				365FE7811B4E68E3005161D6 /* Frameworks */,
				365FE7821B4E68E3005161D6 /* Resources */,
			);
			buildRules = (
			);
			dependencies = (
			);
			name = GJCUCapture;
			productName = GJCUCapture;
			productReference = 365FE7841B4E68E3005161D6 /* GJCUCapture.app */;
			productType = "com.apple.product-type.application";
		};
		365FE7961B4E68E3005161D6 /* GJCUCaptureTests */ = {
			isa = PBXNativeTarget;
			buildConfigurationList = 365FE7A41B4E68E3005161D6 /* Build configuration list for PBXNativeTarget "GJCUCaptureTests" */;
			buildPhases = (
				365FE7931B4E68E3005161D6 /* Sources */,
				365FE7941B4E68E3005161D6 /* Frameworks */,
				365FE7951B4E68E3005161D6 /* Resources */,
			);
			buildRules = (
			);
			dependencies = (
				365FE7991B4E68E3005161D6 /* PBXTargetDependency */,
			);
			name = GJCUCaptureTests;
			productName = GJCUCaptureTests;
			productReference = 365FE7971B4E68E3005161D6 /* GJCUCaptureTests.xctest */;
			productType = "com.apple.product-type.bundle.unit-test";
		};
/* End PBXNativeTarget section */

/* Begin PBXProject section */
		365FE77C1B4E68E3005161D6 /* Project object */ = {
			isa = PBXProject;
			attributes = {
				LastUpgradeCheck = 0610;
				ORGANIZATIONNAME = ZYProSoft;
				TargetAttributes = {
					365FE7831B4E68E3005161D6 = {
						CreatedOnToolsVersion = 6.1;
					};
					365FE7961B4E68E3005161D6 = {
						CreatedOnToolsVersion = 6.1;
						TestTargetID = 365FE7831B4E68E3005161D6;
					};
				};
			};
			buildConfigurationList = 365FE77F1B4E68E3005161D6 /* Build configuration list for PBXProject "GJCUCapture" */;
			compatibilityVersion = "Xcode 3.2";
			developmentRegion = English;
			hasScannedForEncodings = 0;
			knownRegions = (
				en,
				Base,
			);
			mainGroup = 365FE77B1B4E68E3005161D6;
			productRefGroup = 365FE7851B4E68E3005161D6 /* Products */;
			projectDirPath = "";
			projectRoot = "";
			targets = (
				365FE7831B4E68E3005161D6 /* GJCUCapture */,
				365FE7961B4E68E3005161D6 /* GJCUCaptureTests */,
			);
		};
/* End PBXProject section */

/* Begin PBXResourcesBuildPhase section */
		365FE7821B4E68E3005161D6 /* Resources */ = {
			isa = PBXResourcesBuildPhase;
			buildActionMask = 2147483647;
			files = (
				365FE7921B4E68E3005161D6 /* LaunchScreen.xib in Resources */,
				365FE7FE1B4E6A02005161D6 /* GJCUCaptureResourceBundle.bundle in Resources */,
				365FE78F1B4E68E3005161D6 /* Images.xcassets in Resources */,
			);
			runOnlyForDeploymentPostprocessing = 0;
		};
		365FE7951B4E68E3005161D6 /* Resources */ = {
			isa = PBXResourcesBuildPhase;
			buildActionMask = 2147483647;
			files = (
				365FE7FF1B4E6A02005161D6 /* GJCUCaptureResourceBundle.bundle in Resources */,
			);
			runOnlyForDeploymentPostprocessing = 0;
		};
/* End PBXResourcesBuildPhase section */

/* Begin PBXSourcesBuildPhase section */
		365FE7801B4E68E3005161D6 /* Sources */ = {
			isa = PBXSourcesBuildPhase;
			buildActionMask = 2147483647;
			files = (
				365FE7BA1B4E699C005161D6 /* TVGDebugModel.m in Sources */,
				365FE83C1B4E6A93005161D6 /* UIView+GJCFViewFrameUitil.m in Sources */,
				365FE8361B4E6A93005161D6 /* GJCFQuickUIUitil.m in Sources */,
				365FE7B61B4E699C005161D6 /* TVGDebugConsoleViewController.m in Sources */,
				365FE7C01B4E699C005161D6 /* TVGDebugViewController.m in Sources */,
				365FE8381B4E6A93005161D6 /* GJCFStringUitil.m in Sources */,
				365FE78D1B4E68E3005161D6 /* AppDelegate.m in Sources */,
				365FE7FC1B4E6A02005161D6 /* GJCUCaptureDemoViewController.m in Sources */,
				365FE78A1B4E68E3005161D6 /* main.m in Sources */,
				365FE8001B4E6A02005161D6 /* GJCUCaptureViewController.m in Sources */,
				365FE83A1B4E6A93005161D6 /* GJCFSystemUitil.m in Sources */,
				365FE8021B4E6A02005161D6 /* GJCUFlashModeView.m in Sources */,
				365FE8341B4E6A93005161D6 /* GJCFQuickCacheUitil.m in Sources */,
				365FE7BE1B4E699C005161D6 /* TVGDebugSectionInfo.m in Sources */,
				365FE8301B4E6A93005161D6 /* GJCFDateUitil.m in Sources */,
				365FE7B81B4E699C005161D6 /* TVGDebugLogger.m in Sources */,
				365FE7BC1B4E699C005161D6 /* TVGDebugQuickUI.m in Sources */,
				365FE8321B4E6A93005161D6 /* GJCFDispatchCenterUitil.m in Sources */,
			);
			runOnlyForDeploymentPostprocessing = 0;
		};
		365FE7931B4E68E3005161D6 /* Sources */ = {
			isa = PBXSourcesBuildPhase;
			buildActionMask = 2147483647;
			files = (
				365FE83D1B4E6A93005161D6 /* UIView+GJCFViewFrameUitil.m in Sources */,
				365FE7B71B4E699C005161D6 /* TVGDebugConsoleViewController.m in Sources */,
				365FE8011B4E6A02005161D6 /* GJCUCaptureViewController.m in Sources */,
				365FE83B1B4E6A93005161D6 /* GJCFSystemUitil.m in Sources */,
				365FE79E1B4E68E3005161D6 /* GJCUCaptureTests.m in Sources */,
				365FE8391B4E6A93005161D6 /* GJCFStringUitil.m in Sources */,
				365FE8031B4E6A02005161D6 /* GJCUFlashModeView.m in Sources */,
				365FE8351B4E6A93005161D6 /* GJCFQuickCacheUitil.m in Sources */,
				365FE7C11B4E699C005161D6 /* TVGDebugViewController.m in Sources */,
				365FE7FD1B4E6A02005161D6 /* GJCUCaptureDemoViewController.m in Sources */,
				365FE8371B4E6A93005161D6 /* GJCFQuickUIUitil.m in Sources */,
				365FE7BD1B4E699C005161D6 /* TVGDebugQuickUI.m in Sources */,
				365FE7B91B4E699C005161D6 /* TVGDebugLogger.m in Sources */,
				365FE7BB1B4E699C005161D6 /* TVGDebugModel.m in Sources */,
				365FE8311B4E6A93005161D6 /* GJCFDateUitil.m in Sources */,
				365FE8331B4E6A93005161D6 /* GJCFDispatchCenterUitil.m in Sources */,
				365FE7BF1B4E699C005161D6 /* TVGDebugSectionInfo.m in Sources */,
			);
			runOnlyForDeploymentPostprocessing = 0;
		};
/* End PBXSourcesBuildPhase section */

/* Begin PBXTargetDependency section */
		365FE7991B4E68E3005161D6 /* PBXTargetDependency */ = {
			isa = PBXTargetDependency;
			target = 365FE7831B4E68E3005161D6 /* GJCUCapture */;
			targetProxy = 365FE7981B4E68E3005161D6 /* PBXContainerItemProxy */;
		};
/* End PBXTargetDependency section */

/* Begin PBXVariantGroup section */
		365FE7901B4E68E3005161D6 /* LaunchScreen.xib */ = {
			isa = PBXVariantGroup;
			children = (
				365FE7911B4E68E3005161D6 /* Base */,
			);
			name = LaunchScreen.xib;
			sourceTree = "<group>";
		};
/* End PBXVariantGroup section */

/* Begin XCBuildConfiguration section */
		365FE79F1B4E68E3005161D6 /* Debug */ = {
			isa = XCBuildConfiguration;
			buildSettings = {
				ALWAYS_SEARCH_USER_PATHS = NO;
				CLANG_CXX_LANGUAGE_STANDARD = "gnu++0x";
				CLANG_CXX_LIBRARY = "libc++";
				CLANG_ENABLE_MODULES = YES;
				CLANG_ENABLE_OBJC_ARC = YES;
				CLANG_WARN_BOOL_CONVERSION = YES;
				CLANG_WARN_CONSTANT_CONVERSION = YES;
				CLANG_WARN_DIRECT_OBJC_ISA_USAGE = YES_ERROR;
				CLANG_WARN_EMPTY_BODY = YES;
				CLANG_WARN_ENUM_CONVERSION = YES;
				CLANG_WARN_INT_CONVERSION = YES;
				CLANG_WARN_OBJC_ROOT_CLASS = YES_ERROR;
				CLANG_WARN_UNREACHABLE_CODE = YES;
				CLANG_WARN__DUPLICATE_METHOD_MATCH = YES;
				"CODE_SIGN_IDENTITY[sdk=iphoneos*]" = "iPhone Developer";
				COPY_PHASE_STRIP = NO;
				ENABLE_STRICT_OBJC_MSGSEND = YES;
				GCC_C_LANGUAGE_STANDARD = gnu99;
				GCC_DYNAMIC_NO_PIC = NO;
				GCC_OPTIMIZATION_LEVEL = 0;
				GCC_PREFIX_HEADER = "$(SRCROOT)/GJCUCapture/GJCUCapture-PrefixHeader.pch";
				GCC_PREPROCESSOR_DEFINITIONS = (
					"DEBUG=1",
					"$(inherited)",
				);
				GCC_SYMBOLS_PRIVATE_EXTERN = NO;
				GCC_WARN_64_TO_32_BIT_CONVERSION = YES;
				GCC_WARN_ABOUT_RETURN_TYPE = YES_ERROR;
				GCC_WARN_UNDECLARED_SELECTOR = YES;
				GCC_WARN_UNINITIALIZED_AUTOS = YES_AGGRESSIVE;
				GCC_WARN_UNUSED_FUNCTION = YES;
				GCC_WARN_UNUSED_VARIABLE = YES;
				IPHONEOS_DEPLOYMENT_TARGET = 8.1;
				MTL_ENABLE_DEBUG_INFO = YES;
				ONLY_ACTIVE_ARCH = YES;
				SDKROOT = iphoneos;
			};
			name = Debug;
		};
		365FE7A01B4E68E3005161D6 /* Release */ = {
			isa = XCBuildConfiguration;
			buildSettings = {
				ALWAYS_SEARCH_USER_PATHS = NO;
				CLANG_CXX_LANGUAGE_STANDARD = "gnu++0x";
				CLANG_CXX_LIBRARY = "libc++";
				CLANG_ENABLE_MODULES = YES;
				CLANG_ENABLE_OBJC_ARC = YES;
				CLANG_WARN_BOOL_CONVERSION = YES;
				CLANG_WARN_CONSTANT_CONVERSION = YES;
				CLANG_WARN_DIRECT_OBJC_ISA_USAGE = YES_ERROR;
				CLANG_WARN_EMPTY_BODY = YES;
				CLANG_WARN_ENUM_CONVERSION = YES;
				CLANG_WARN_INT_CONVERSION = YES;
				CLANG_WARN_OBJC_ROOT_CLASS = YES_ERROR;
				CLANG_WARN_UNREACHABLE_CODE = YES;
				CLANG_WARN__DUPLICATE_METHOD_MATCH = YES;
				"CODE_SIGN_IDENTITY[sdk=iphoneos*]" = "iPhone Developer";
				COPY_PHASE_STRIP = YES;
				ENABLE_NS_ASSERTIONS = NO;
				ENABLE_STRICT_OBJC_MSGSEND = YES;
				GCC_C_LANGUAGE_STANDARD = gnu99;
				GCC_PREFIX_HEADER = "$(SRCROOT)/GJCUCapture/GJCUCapture-PrefixHeader.pch";
				GCC_WARN_64_TO_32_BIT_CONVERSION = YES;
				GCC_WARN_ABOUT_RETURN_TYPE = YES_ERROR;
				GCC_WARN_UNDECLARED_SELECTOR = YES;
				GCC_WARN_UNINITIALIZED_AUTOS = YES_AGGRESSIVE;
				GCC_WARN_UNUSED_FUNCTION = YES;
				GCC_WARN_UNUSED_VARIABLE = YES;
				IPHONEOS_DEPLOYMENT_TARGET = 8.1;
				MTL_ENABLE_DEBUG_INFO = NO;
				SDKROOT = iphoneos;
				VALIDATE_PRODUCT = YES;
			};
			name = Release;
		};
		365FE7A21B4E68E3005161D6 /* Debug */ = {
			isa = XCBuildConfiguration;
			buildSettings = {
				ASSETCATALOG_COMPILER_APPICON_NAME = AppIcon;
				INFOPLIST_FILE = GJCUCapture/Info.plist;
				LD_RUNPATH_SEARCH_PATHS = "$(inherited) @executable_path/Frameworks";
				PRODUCT_NAME = "$(TARGET_NAME)";
			};
			name = Debug;
		};
		365FE7A31B4E68E3005161D6 /* Release */ = {
			isa = XCBuildConfiguration;
			buildSettings = {
				ASSETCATALOG_COMPILER_APPICON_NAME = AppIcon;
				INFOPLIST_FILE = GJCUCapture/Info.plist;
				LD_RUNPATH_SEARCH_PATHS = "$(inherited) @executable_path/Frameworks";
				PRODUCT_NAME = "$(TARGET_NAME)";
			};
			name = Release;
		};
		365FE7A51B4E68E3005161D6 /* Debug */ = {
			isa = XCBuildConfiguration;
			buildSettings = {
				BUNDLE_LOADER = "$(TEST_HOST)";
				FRAMEWORK_SEARCH_PATHS = (
					"$(SDKROOT)/Developer/Library/Frameworks",
					"$(inherited)",
				);
				GCC_PREPROCESSOR_DEFINITIONS = (
					"DEBUG=1",
					"$(inherited)",
				);
				INFOPLIST_FILE = GJCUCaptureTests/Info.plist;
				LD_RUNPATH_SEARCH_PATHS = "$(inherited) @executable_path/Frameworks @loader_path/Frameworks";
				PRODUCT_NAME = "$(TARGET_NAME)";
				TEST_HOST = "$(BUILT_PRODUCTS_DIR)/GJCUCapture.app/GJCUCapture";
			};
			name = Debug;
		};
		365FE7A61B4E68E3005161D6 /* Release */ = {
			isa = XCBuildConfiguration;
			buildSettings = {
				BUNDLE_LOADER = "$(TEST_HOST)";
				FRAMEWORK_SEARCH_PATHS = (
					"$(SDKROOT)/Developer/Library/Frameworks",
					"$(inherited)",
				);
				INFOPLIST_FILE = GJCUCaptureTests/Info.plist;
				LD_RUNPATH_SEARCH_PATHS = "$(inherited) @executable_path/Frameworks @loader_path/Frameworks";
				PRODUCT_NAME = "$(TARGET_NAME)";
				TEST_HOST = "$(BUILT_PRODUCTS_DIR)/GJCUCapture.app/GJCUCapture";
			};
			name = Release;
		};
/* End XCBuildConfiguration section */

/* Begin XCConfigurationList section */
		365FE77F1B4E68E3005161D6 /* Build configuration list for PBXProject "GJCUCapture" */ = {
			isa = XCConfigurationList;
			buildConfigurations = (
				365FE79F1B4E68E3005161D6 /* Debug */,
				365FE7A01B4E68E3005161D6 /* Release */,
			);
			defaultConfigurationIsVisible = 0;
			defaultConfigurationName = Release;
		};
		365FE7A11B4E68E3005161D6 /* Build configuration list for PBXNativeTarget "GJCUCapture" */ = {
			isa = XCConfigurationList;
			buildConfigurations = (
				365FE7A21B4E68E3005161D6 /* Debug */,
				365FE7A31B4E68E3005161D6 /* Release */,
			);
			defaultConfigurationIsVisible = 0;
		};
		365FE7A41B4E68E3005161D6 /* Build configuration list for PBXNativeTarget "GJCUCaptureTests" */ = {
			isa = XCConfigurationList;
			buildConfigurations = (
				365FE7A51B4E68E3005161D6 /* Debug */,
				365FE7A61B4E68E3005161D6 /* Release */,
			);
			defaultConfigurationIsVisible = 0;
		};
/* End XCConfigurationList section */
	};
	rootObject = 365FE77C1B4E68E3005161D6 /* Project object */;
}
